// !$*UTF8*$!
{
	archiveVersion = 1;
	classes = {
	};
	objectVersion = 56;
	objects = {

/* Begin PBXBuildFile section */
		27302EFD2B7ED54200F72E8B /* BarricadeApp.swift in Sources */ = {isa = PBXBuildFile; fileRef = 27302EFC2B7ED54200F72E8B /* BarricadeApp.swift */; };
		27302EFF2B7ED54200F72E8B /* ContentView.swift in Sources */ = {isa = PBXBuildFile; fileRef = 27302EFE2B7ED54200F72E8B /* ContentView.swift */; };
		27302F032B7ED54300F72E8B /* Assets.xcassets in Resources */ = {isa = PBXBuildFile; fileRef = 27302F022B7ED54300F72E8B /* Assets.xcassets */; };
		27302F062B7ED54300F72E8B /* Preview Assets.xcassets in Resources */ = {isa = PBXBuildFile; fileRef = 27302F052B7ED54300F72E8B /* Preview Assets.xcassets */; };
		27302F0D2B7EDE9F00F72E8B /* PickerView.swift in Sources */ = {isa = PBXBuildFile; fileRef = 27302F0C2B7EDE9F00F72E8B /* PickerView.swift */; };
		27302F112B7FE02600F72E8B /* ConcertCreationSheet.swift in Sources */ = {isa = PBXBuildFile; fileRef = 27302F102B7FE02600F72E8B /* ConcertCreationSheet.swift */; };
		27302F132B7FE07800F72E8B /* Concert.swift in Sources */ = {isa = PBXBuildFile; fileRef = 27302F122B7FE07800F72E8B /* Concert.swift */; };
		27302F152B7FE6DE00F72E8B /* ConcertItemView.swift in Sources */ = {isa = PBXBuildFile; fileRef = 27302F142B7FE6DE00F72E8B /* ConcertItemView.swift */; };
		27302F172B7FF82C00F72E8B /* ConcertPageView.swift in Sources */ = {isa = PBXBuildFile; fileRef = 27302F162B7FF82C00F72E8B /* ConcertPageView.swift */; };
		27302F192B8004E000F72E8B /* Song.swift in Sources */ = {isa = PBXBuildFile; fileRef = 27302F182B8004E000F72E8B /* Song.swift */; };
		27302F1B2B8007F600F72E8B /* SongPageView.swift in Sources */ = {isa = PBXBuildFile; fileRef = 27302F1A2B8007F600F72E8B /* SongPageView.swift */; };
		2781DD022DA5E64B00AC6726 /* Launch Screen.storyboard in Resources */ = {isa = PBXBuildFile; fileRef = 2781DD012DA5E64B00AC6726 /* Launch Screen.storyboard */; };
		2781DD142DA6053C00AC6726 /* SongCreationSheet.swift in Sources */ = {isa = PBXBuildFile; fileRef = 2781DD132DA6053C00AC6726 /* SongCreationSheet.swift */; };
		2781DD162DA6103200AC6726 /* VideoDetectionViewModel.swift in Sources */ = {isa = PBXBuildFile; fileRef = 2781DD152DA6103200AC6726 /* VideoDetectionViewModel.swift */; };
		2781DD182DA6367600AC6726 /* SongRowWithThumbnail.swift in Sources */ = {isa = PBXBuildFile; fileRef = 2781DD172DA6367600AC6726 /* SongRowWithThumbnail.swift */; };
		27B100E52DA57172007DB7D9 /* SongsGridView.swift in Sources */ = {isa = PBXBuildFile; fileRef = 27B100E42DA57172007DB7D9 /* SongsGridView.swift */; };
		27B100E72DA58A1C007DB7D9 /* SongGridItem.swift in Sources */ = {isa = PBXBuildFile; fileRef = 27B100E62DA58A1C007DB7D9 /* SongGridItem.swift */; };
		27B100E92DA59058007DB7D9 /* IdentifyingSongView.swift in Sources */ = {isa = PBXBuildFile; fileRef = 27B100E82DA59058007DB7D9 /* IdentifyingSongView.swift */; };
		27B100EB2DA5A4C9007DB7D9 /* ProgressiveBlurBackground.swift in Sources */ = {isa = PBXBuildFile; fileRef = 27B100EA2DA5A4C9007DB7D9 /* ProgressiveBlurBackground.swift */; };
		27B100ED2DA5C554007DB7D9 /* SongInfoSheet.swift in Sources */ = {isa = PBXBuildFile; fileRef = 27B100EC2DA5C554007DB7D9 /* SongInfoSheet.swift */; };
		27C9D1822DA1D16C00167D94 /* ConcertCreationViewModel.swift in Sources */ = {isa = PBXBuildFile; fileRef = 27C9D1812DA1D16C00167D94 /* ConcertCreationViewModel.swift */; };
		27C9D1902DA1DDBE00167D94 /* ConcertPageViewModel.swift in Sources */ = {isa = PBXBuildFile; fileRef = 27C9D18F2DA1DDB700167D94 /* ConcertPageViewModel.swift */; };
		27C9D1932DA1FEE200167D94 /* ShazamService.swift in Sources */ = {isa = PBXBuildFile; fileRef = 27C9D1922DA1FEE200167D94 /* ShazamService.swift */; };
		27C9D1972DA2148800167D94 /* ShazamKit.framework in Frameworks */ = {isa = PBXBuildFile; fileRef = 27C9D1952DA2148200167D94 /* ShazamKit.framework */; };
		27C9D19E2DA232A300167D94 /* VideoDetectionView.swift in Sources */ = {isa = PBXBuildFile; fileRef = 27C9D19D2DA232A300167D94 /* VideoDetectionView.swift */; };
/* End PBXBuildFile section */

/* Begin PBXFileReference section */
		27302EF92B7ED54200F72E8B /* Barricade.app */ = {isa = PBXFileReference; explicitFileType = wrapper.application; includeInIndex = 0; path = Barricade.app; sourceTree = BUILT_PRODUCTS_DIR; };
		27302EFC2B7ED54200F72E8B /* BarricadeApp.swift */ = {isa = PBXFileReference; lastKnownFileType = sourcecode.swift; path = BarricadeApp.swift; sourceTree = "<group>"; };
		27302EFE2B7ED54200F72E8B /* ContentView.swift */ = {isa = PBXFileReference; lastKnownFileType = sourcecode.swift; path = ContentView.swift; sourceTree = "<group>"; };
		27302F022B7ED54300F72E8B /* Assets.xcassets */ = {isa = PBXFileReference; lastKnownFileType = folder.assetcatalog; path = Assets.xcassets; sourceTree = "<group>"; };
		27302F052B7ED54300F72E8B /* Preview Assets.xcassets */ = {isa = PBXFileReference; lastKnownFileType = folder.assetcatalog; path = "Preview Assets.xcassets"; sourceTree = "<group>"; };
		27302F0C2B7EDE9F00F72E8B /* PickerView.swift */ = {isa = PBXFileReference; lastKnownFileType = sourcecode.swift; path = PickerView.swift; sourceTree = "<group>"; };
		27302F102B7FE02600F72E8B /* ConcertCreationSheet.swift */ = {isa = PBXFileReference; lastKnownFileType = sourcecode.swift; path = ConcertCreationSheet.swift; sourceTree = "<group>"; };
		27302F122B7FE07800F72E8B /* Concert.swift */ = {isa = PBXFileReference; lastKnownFileType = sourcecode.swift; path = Concert.swift; sourceTree = "<group>"; };
		27302F142B7FE6DE00F72E8B /* ConcertItemView.swift */ = {isa = PBXFileReference; lastKnownFileType = sourcecode.swift; path = ConcertItemView.swift; sourceTree = "<group>"; };
		27302F162B7FF82C00F72E8B /* ConcertPageView.swift */ = {isa = PBXFileReference; lastKnownFileType = sourcecode.swift; path = ConcertPageView.swift; sourceTree = "<group>"; };
		27302F182B8004E000F72E8B /* Song.swift */ = {isa = PBXFileReference; lastKnownFileType = sourcecode.swift; path = Song.swift; sourceTree = "<group>"; };
		27302F1A2B8007F600F72E8B /* SongPageView.swift */ = {isa = PBXFileReference; lastKnownFileType = sourcecode.swift; path = SongPageView.swift; sourceTree = "<group>"; };
		2781DD012DA5E64B00AC6726 /* Launch Screen.storyboard */ = {isa = PBXFileReference; lastKnownFileType = file.storyboard; path = "Launch Screen.storyboard"; sourceTree = "<group>"; };
		2781DD132DA6053C00AC6726 /* SongCreationSheet.swift */ = {isa = PBXFileReference; lastKnownFileType = sourcecode.swift; path = SongCreationSheet.swift; sourceTree = "<group>"; };
		2781DD152DA6103200AC6726 /* VideoDetectionViewModel.swift */ = {isa = PBXFileReference; lastKnownFileType = sourcecode.swift; path = VideoDetectionViewModel.swift; sourceTree = "<group>"; };
		2781DD172DA6367600AC6726 /* SongRowWithThumbnail.swift */ = {isa = PBXFileReference; lastKnownFileType = sourcecode.swift; path = SongRowWithThumbnail.swift; sourceTree = "<group>"; };
		27B100E42DA57172007DB7D9 /* SongsGridView.swift */ = {isa = PBXFileReference; lastKnownFileType = sourcecode.swift; path = SongsGridView.swift; sourceTree = "<group>"; };
		27B100E62DA58A1C007DB7D9 /* SongGridItem.swift */ = {isa = PBXFileReference; lastKnownFileType = sourcecode.swift; path = SongGridItem.swift; sourceTree = "<group>"; };
		27B100E82DA59058007DB7D9 /* IdentifyingSongView.swift */ = {isa = PBXFileReference; lastKnownFileType = sourcecode.swift; path = IdentifyingSongView.swift; sourceTree = "<group>"; };
		27B100EA2DA5A4C9007DB7D9 /* ProgressiveBlurBackground.swift */ = {isa = PBXFileReference; lastKnownFileType = sourcecode.swift; path = ProgressiveBlurBackground.swift; sourceTree = "<group>"; };
		27B100EC2DA5C554007DB7D9 /* SongInfoSheet.swift */ = {isa = PBXFileReference; lastKnownFileType = sourcecode.swift; path = SongInfoSheet.swift; sourceTree = "<group>"; };
		27C9D17E2DA1D08400167D94 /* Info.plist */ = {isa = PBXFileReference; lastKnownFileType = text.plist.xml; path = Info.plist; sourceTree = "<group>"; };
		27C9D1812DA1D16C00167D94 /* ConcertCreationViewModel.swift */ = {isa = PBXFileReference; lastKnownFileType = sourcecode.swift; path = ConcertCreationViewModel.swift; sourceTree = "<group>"; };
		27C9D18F2DA1DDB700167D94 /* ConcertPageViewModel.swift */ = {isa = PBXFileReference; lastKnownFileType = sourcecode.swift; path = ConcertPageViewModel.swift; sourceTree = "<group>"; };
		27C9D1922DA1FEE200167D94 /* ShazamService.swift */ = {isa = PBXFileReference; lastKnownFileType = sourcecode.swift; path = ShazamService.swift; sourceTree = "<group>"; };
		27C9D1952DA2148200167D94 /* ShazamKit.framework */ = {isa = PBXFileReference; lastKnownFileType = wrapper.framework; name = ShazamKit.framework; path = System/Library/Frameworks/ShazamKit.framework; sourceTree = SDKROOT; };
		27C9D19A2DA215C300167D94 /* Barricade.entitlements */ = {isa = PBXFileReference; lastKnownFileType = text.plist.entitlements; path = Barricade.entitlements; sourceTree = "<group>"; };
		27C9D19D2DA232A300167D94 /* VideoDetectionView.swift */ = {isa = PBXFileReference; lastKnownFileType = sourcecode.swift; path = VideoDetectionView.swift; sourceTree = "<group>"; };
/* End PBXFileReference section */

/* Begin PBXFrameworksBuildPhase section */
		27302EF62B7ED54200F72E8B /* Frameworks */ = {
			isa = PBXFrameworksBuildPhase;
			buildActionMask = 2147483647;
			files = (
				27C9D1972DA2148800167D94 /* ShazamKit.framework in Frameworks */,
			);
			runOnlyForDeploymentPostprocessing = 0;
		};
/* End PBXFrameworksBuildPhase section */

/* Begin PBXGroup section */
		27302EF02B7ED54200F72E8B = {
			isa = PBXGroup;
			children = (
				27C9D19A2DA215C300167D94 /* Barricade.entitlements */,
				2781DD012DA5E64B00AC6726 /* Launch Screen.storyboard */,
				27C9D1912DA1FECA00167D94 /* Services */,
				27C9D1802DA1D13E00167D94 /* ViewModels */,
				27C9D17A2DA1CF2200167D94 /* Models */,
				27302EFA2B7ED54200F72E8B /* Products */,
				27302EFC2B7ED54200F72E8B /* BarricadeApp.swift */,
				27C9D17B2DA1CF4100167D94 /* Views */,
				27302F022B7ED54300F72E8B /* Assets.xcassets */,
				27302F042B7ED54300F72E8B /* Preview Content */,
				27C9D17E2DA1D08400167D94 /* Info.plist */,
				27C9D1942DA2148200167D94 /* Frameworks */,
			);
			sourceTree = "<group>";
		};
		27302EFA2B7ED54200F72E8B /* Products */ = {
			isa = PBXGroup;
			children = (
				27302EF92B7ED54200F72E8B /* Barricade.app */,
			);
			name = Products;
			sourceTree = "<group>";
		};
		27302F042B7ED54300F72E8B /* Preview Content */ = {
			isa = PBXGroup;
			children = (
				27302F052B7ED54300F72E8B /* Preview Assets.xcassets */,
			);
			path = "Preview Content";
			sourceTree = "<group>";
		};
		27C9D17A2DA1CF2200167D94 /* Models */ = {
			isa = PBXGroup;
			children = (
				27302F182B8004E000F72E8B /* Song.swift */,
				27302F122B7FE07800F72E8B /* Concert.swift */,
			);
			path = Models;
			sourceTree = "<group>";
		};
		27C9D17B2DA1CF4100167D94 /* Views */ = {
			isa = PBXGroup;
			children = (
				2781DD172DA6367600AC6726 /* SongRowWithThumbnail.swift */,
				2781DD132DA6053C00AC6726 /* SongCreationSheet.swift */,
				27B100EC2DA5C554007DB7D9 /* SongInfoSheet.swift */,
				27B100EA2DA5A4C9007DB7D9 /* ProgressiveBlurBackground.swift */,
				27B100E62DA58A1C007DB7D9 /* SongGridItem.swift */,
				27B100E42DA57172007DB7D9 /* SongsGridView.swift */,
				27C9D19D2DA232A300167D94 /* VideoDetectionView.swift */,
				27302EFE2B7ED54200F72E8B /* ContentView.swift */,
				27302F0C2B7EDE9F00F72E8B /* PickerView.swift */,
				27302F102B7FE02600F72E8B /* ConcertCreationSheet.swift */,
				27302F142B7FE6DE00F72E8B /* ConcertItemView.swift */,
				27302F162B7FF82C00F72E8B /* ConcertPageView.swift */,
				27302F1A2B8007F600F72E8B /* SongPageView.swift */,
				27B100E82DA59058007DB7D9 /* IdentifyingSongView.swift */,
			);
			path = Views;
			sourceTree = "<group>";
		};
		27C9D1802DA1D13E00167D94 /* ViewModels */ = {
			isa = PBXGroup;
			children = (
				2781DD152DA6103200AC6726 /* VideoDetectionViewModel.swift */,
				27C9D18F2DA1DDB700167D94 /* ConcertPageViewModel.swift */,
				27C9D1812DA1D16C00167D94 /* ConcertCreationViewModel.swift */,
			);
			path = ViewModels;
			sourceTree = "<group>";
		};
		27C9D1912DA1FECA00167D94 /* Services */ = {
			isa = PBXGroup;
			children = (
				27C9D1922DA1FEE200167D94 /* ShazamService.swift */,
			);
			path = Services;
			sourceTree = "<group>";
		};
		27C9D1942DA2148200167D94 /* Frameworks */ = {
			isa = PBXGroup;
			children = (
				27C9D1952DA2148200167D94 /* ShazamKit.framework */,
			);
			name = Frameworks;
			sourceTree = "<group>";
		};
/* End PBXGroup section */

/* Begin PBXNativeTarget section */
		27302EF82B7ED54200F72E8B /* Barricade */ = {
			isa = PBXNativeTarget;
			buildConfigurationList = 27302F092B7ED54300F72E8B /* Build configuration list for PBXNativeTarget "Barricade" */;
			buildPhases = (
				27302EF52B7ED54200F72E8B /* Sources */,
				27302EF62B7ED54200F72E8B /* Frameworks */,
				27302EF72B7ED54200F72E8B /* Resources */,
			);
			buildRules = (
			);
			dependencies = (
			);
			name = Barricade;
			productName = Barricade;
			productReference = 27302EF92B7ED54200F72E8B /* Barricade.app */;
			productType = "com.apple.product-type.application";
		};
/* End PBXNativeTarget section */

/* Begin PBXProject section */
		27302EF12B7ED54200F72E8B /* Project object */ = {
			isa = PBXProject;
			attributes = {
				BuildIndependentTargetsInParallel = 1;
				LastSwiftUpdateCheck = 1520;
				LastUpgradeCheck = 1520;
				TargetAttributes = {
					27302EF82B7ED54200F72E8B = {
						CreatedOnToolsVersion = 15.2;
					};
				};
			};
			buildConfigurationList = 27302EF42B7ED54200F72E8B /* Build configuration list for PBXProject "Barricade" */;
			compatibilityVersion = "Xcode 14.0";
			developmentRegion = en;
			hasScannedForEncodings = 0;
			knownRegions = (
				en,
				Base,
			);
			mainGroup = 27302EF02B7ED54200F72E8B;
			productRefGroup = 27302EFA2B7ED54200F72E8B /* Products */;
			projectDirPath = "";
			projectRoot = "";
			targets = (
				27302EF82B7ED54200F72E8B /* Barricade */,
			);
		};
/* End PBXProject section */

/* Begin PBXResourcesBuildPhase section */
		27302EF72B7ED54200F72E8B /* Resources */ = {
			isa = PBXResourcesBuildPhase;
			buildActionMask = 2147483647;
			files = (
				2781DD022DA5E64B00AC6726 /* Launch Screen.storyboard in Resources */,
				27302F062B7ED54300F72E8B /* Preview Assets.xcassets in Resources */,
				27302F032B7ED54300F72E8B /* Assets.xcassets in Resources */,
			);
			runOnlyForDeploymentPostprocessing = 0;
		};
/* End PBXResourcesBuildPhase section */

/* Begin PBXSourcesBuildPhase section */
		27302EF52B7ED54200F72E8B /* Sources */ = {
			isa = PBXSourcesBuildPhase;
			buildActionMask = 2147483647;
			files = (
				27B100E92DA59058007DB7D9 /* IdentifyingSongView.swift in Sources */,
				27C9D1822DA1D16C00167D94 /* ConcertCreationViewModel.swift in Sources */,
				27302F172B7FF82C00F72E8B /* ConcertPageView.swift in Sources */,
				27302F152B7FE6DE00F72E8B /* ConcertItemView.swift in Sources */,
				27C9D1932DA1FEE200167D94 /* ShazamService.swift in Sources */,
				27302F0D2B7EDE9F00F72E8B /* PickerView.swift in Sources */,
				27C9D19E2DA232A300167D94 /* VideoDetectionView.swift in Sources */,
				27302EFF2B7ED54200F72E8B /* ContentView.swift in Sources */,
				27B100ED2DA5C554007DB7D9 /* SongInfoSheet.swift in Sources */,
				27B100E72DA58A1C007DB7D9 /* SongGridItem.swift in Sources */,
				27B100EB2DA5A4C9007DB7D9 /* ProgressiveBlurBackground.swift in Sources */,
				27C9D1902DA1DDBE00167D94 /* ConcertPageViewModel.swift in Sources */,
				27302F192B8004E000F72E8B /* Song.swift in Sources */,
				27B100E52DA57172007DB7D9 /* SongsGridView.swift in Sources */,
				2781DD142DA6053C00AC6726 /* SongCreationSheet.swift in Sources */,
				2781DD182DA6367600AC6726 /* SongRowWithThumbnail.swift in Sources */,
				27302F112B7FE02600F72E8B /* ConcertCreationSheet.swift in Sources */,
				27302EFD2B7ED54200F72E8B /* BarricadeApp.swift in Sources */,
				27302F132B7FE07800F72E8B /* Concert.swift in Sources */,
				2781DD162DA6103200AC6726 /* VideoDetectionViewModel.swift in Sources */,
				27302F1B2B8007F600F72E8B /* SongPageView.swift in Sources */,
			);
			runOnlyForDeploymentPostprocessing = 0;
		};
/* End PBXSourcesBuildPhase section */

/* Begin XCBuildConfiguration section */
		27302F072B7ED54300F72E8B /* Debug */ = {
			isa = XCBuildConfiguration;
			buildSettings = {
				ALWAYS_SEARCH_USER_PATHS = NO;
				ASSETCATALOG_COMPILER_GENERATE_SWIFT_ASSET_SYMBOL_EXTENSIONS = YES;
				CLANG_ANALYZER_NONNULL = YES;
				CLANG_ANALYZER_NUMBER_OBJECT_CONVERSION = YES_AGGRESSIVE;
				CLANG_CXX_LANGUAGE_STANDARD = "gnu++20";
				CLANG_ENABLE_MODULES = YES;
				CLANG_ENABLE_OBJC_ARC = YES;
				CLANG_ENABLE_OBJC_WEAK = YES;
				CLANG_WARN_BLOCK_CAPTURE_AUTORELEASING = YES;
				CLANG_WARN_BOOL_CONVERSION = YES;
				CLANG_WARN_COMMA = YES;
				CLANG_WARN_CONSTANT_CONVERSION = YES;
				CLANG_WARN_DEPRECATED_OBJC_IMPLEMENTATIONS = YES;
				CLANG_WARN_DIRECT_OBJC_ISA_USAGE = YES_ERROR;
				CLANG_WARN_DOCUMENTATION_COMMENTS = YES;
				CLANG_WARN_EMPTY_BODY = YES;
				CLANG_WARN_ENUM_CONVERSION = YES;
				CLANG_WARN_INFINITE_RECURSION = YES;
				CLANG_WARN_INT_CONVERSION = YES;
				CLANG_WARN_NON_LITERAL_NULL_CONVERSION = YES;
				CLANG_WARN_OBJC_IMPLICIT_RETAIN_SELF = YES;
				CLANG_WARN_OBJC_LITERAL_CONVERSION = YES;
				CLANG_WARN_OBJC_ROOT_CLASS = YES_ERROR;
				CLANG_WARN_QUOTED_INCLUDE_IN_FRAMEWORK_HEADER = YES;
				CLANG_WARN_RANGE_LOOP_ANALYSIS = YES;
				CLANG_WARN_STRICT_PROTOTYPES = YES;
				CLANG_WARN_SUSPICIOUS_MOVE = YES;
				CLANG_WARN_UNGUARDED_AVAILABILITY = YES_AGGRESSIVE;
				CLANG_WARN_UNREACHABLE_CODE = YES;
				CLANG_WARN__DUPLICATE_METHOD_MATCH = YES;
				COPY_PHASE_STRIP = NO;
				DEBUG_INFORMATION_FORMAT = dwarf;
				ENABLE_STRICT_OBJC_MSGSEND = YES;
				ENABLE_TESTABILITY = YES;
				ENABLE_USER_SCRIPT_SANDBOXING = YES;
				GCC_C_LANGUAGE_STANDARD = gnu17;
				GCC_DYNAMIC_NO_PIC = NO;
				GCC_NO_COMMON_BLOCKS = YES;
				GCC_OPTIMIZATION_LEVEL = 0;
				GCC_PREPROCESSOR_DEFINITIONS = (
					"DEBUG=1",
					"$(inherited)",
				);
				GCC_WARN_64_TO_32_BIT_CONVERSION = YES;
				GCC_WARN_ABOUT_RETURN_TYPE = YES_ERROR;
				GCC_WARN_UNDECLARED_SELECTOR = YES;
				GCC_WARN_UNINITIALIZED_AUTOS = YES_AGGRESSIVE;
				GCC_WARN_UNUSED_FUNCTION = YES;
				GCC_WARN_UNUSED_VARIABLE = YES;
				IPHONEOS_DEPLOYMENT_TARGET = 17.2;
				LOCALIZATION_PREFERS_STRING_CATALOGS = YES;
				MTL_ENABLE_DEBUG_INFO = INCLUDE_SOURCE;
				MTL_FAST_MATH = YES;
				ONLY_ACTIVE_ARCH = YES;
				SDKROOT = iphoneos;
				SWIFT_ACTIVE_COMPILATION_CONDITIONS = "DEBUG $(inherited)";
				SWIFT_OPTIMIZATION_LEVEL = "-Onone";
			};
			name = Debug;
		};
		27302F082B7ED54300F72E8B /* Release */ = {
			isa = XCBuildConfiguration;
			buildSettings = {
				ALWAYS_SEARCH_USER_PATHS = NO;
				ASSETCATALOG_COMPILER_GENERATE_SWIFT_ASSET_SYMBOL_EXTENSIONS = YES;
				CLANG_ANALYZER_NONNULL = YES;
				CLANG_ANALYZER_NUMBER_OBJECT_CONVERSION = YES_AGGRESSIVE;
				CLANG_CXX_LANGUAGE_STANDARD = "gnu++20";
				CLANG_ENABLE_MODULES = YES;
				CLANG_ENABLE_OBJC_ARC = YES;
				CLANG_ENABLE_OBJC_WEAK = YES;
				CLANG_WARN_BLOCK_CAPTURE_AUTORELEASING = YES;
				CLANG_WARN_BOOL_CONVERSION = YES;
				CLANG_WARN_COMMA = YES;
				CLANG_WARN_CONSTANT_CONVERSION = YES;
				CLANG_WARN_DEPRECATED_OBJC_IMPLEMENTATIONS = YES;
				CLANG_WARN_DIRECT_OBJC_ISA_USAGE = YES_ERROR;
				CLANG_WARN_DOCUMENTATION_COMMENTS = YES;
				CLANG_WARN_EMPTY_BODY = YES;
				CLANG_WARN_ENUM_CONVERSION = YES;
				CLANG_WARN_INFINITE_RECURSION = YES;
				CLANG_WARN_INT_CONVERSION = YES;
				CLANG_WARN_NON_LITERAL_NULL_CONVERSION = YES;
				CLANG_WARN_OBJC_IMPLICIT_RETAIN_SELF = YES;
				CLANG_WARN_OBJC_LITERAL_CONVERSION = YES;
				CLANG_WARN_OBJC_ROOT_CLASS = YES_ERROR;
				CLANG_WARN_QUOTED_INCLUDE_IN_FRAMEWORK_HEADER = YES;
				CLANG_WARN_RANGE_LOOP_ANALYSIS = YES;
				CLANG_WARN_STRICT_PROTOTYPES = YES;
				CLANG_WARN_SUSPICIOUS_MOVE = YES;
				CLANG_WARN_UNGUARDED_AVAILABILITY = YES_AGGRESSIVE;
				CLANG_WARN_UNREACHABLE_CODE = YES;
				CLANG_WARN__DUPLICATE_METHOD_MATCH = YES;
				COPY_PHASE_STRIP = NO;
				DEBUG_INFORMATION_FORMAT = "dwarf-with-dsym";
				ENABLE_NS_ASSERTIONS = NO;
				ENABLE_STRICT_OBJC_MSGSEND = YES;
				ENABLE_USER_SCRIPT_SANDBOXING = YES;
				GCC_C_LANGUAGE_STANDARD = gnu17;
				GCC_NO_COMMON_BLOCKS = YES;
				GCC_WARN_64_TO_32_BIT_CONVERSION = YES;
				GCC_WARN_ABOUT_RETURN_TYPE = YES_ERROR;
				GCC_WARN_UNDECLARED_SELECTOR = YES;
				GCC_WARN_UNINITIALIZED_AUTOS = YES_AGGRESSIVE;
				GCC_WARN_UNUSED_FUNCTION = YES;
				GCC_WARN_UNUSED_VARIABLE = YES;
				IPHONEOS_DEPLOYMENT_TARGET = 17.2;
				LOCALIZATION_PREFERS_STRING_CATALOGS = YES;
				MTL_ENABLE_DEBUG_INFO = NO;
				MTL_FAST_MATH = YES;
				SDKROOT = iphoneos;
				SWIFT_COMPILATION_MODE = wholemodule;
				VALIDATE_PRODUCT = YES;
			};
			name = Release;
		};
		27302F0A2B7ED54300F72E8B /* Debug */ = {
			isa = XCBuildConfiguration;
			buildSettings = {
				ASSETCATALOG_COMPILER_APPICON_NAME = AppIcon;
				ASSETCATALOG_COMPILER_GLOBAL_ACCENT_COLOR_NAME = AccentColor;
				ASSETCATALOG_COMPILER_INCLUDE_ALL_APPICON_ASSETS = YES;
				CODE_SIGN_ENTITLEMENTS = Barricade.entitlements;
				CODE_SIGN_STYLE = Automatic;
				CURRENT_PROJECT_VERSION = 1;
				DEVELOPMENT_ASSET_PATHS = "\"Preview Content\"";
				DEVELOPMENT_TEAM = BL59DC94Z6;
				ENABLE_PREVIEWS = YES;
				GENERATE_INFOPLIST_FILE = YES;
				INFOPLIST_FILE = Info.plist;
				INFOPLIST_KEY_CFBundleDisplayName = Barricade;
				INFOPLIST_KEY_LSApplicationCategoryType = "public.app-category.music";
				INFOPLIST_KEY_NSMicrophoneUsageDescription = "Microphone access is needed to identify songs at concerts";
				INFOPLIST_KEY_UIApplicationSceneManifest_Generation = YES;
				INFOPLIST_KEY_UIApplicationSupportsIndirectInputEvents = YES;
				INFOPLIST_KEY_UISupportedInterfaceOrientations_iPad = "UIInterfaceOrientationPortrait UIInterfaceOrientationPortraitUpsideDown UIInterfaceOrientationLandscapeLeft UIInterfaceOrientationLandscapeRight";
				INFOPLIST_KEY_UISupportedInterfaceOrientations_iPhone = "UIInterfaceOrientationPortrait UIInterfaceOrientationLandscapeLeft UIInterfaceOrientationLandscapeRight";
				LD_RUNPATH_SEARCH_PATHS = (
					"$(inherited)",
					"@executable_path/Frameworks",
				);
				MARKETING_VERSION = 1.0;
				PRODUCT_BUNDLE_IDENTIFIER = com.mchl.Barricade;
				PRODUCT_NAME = "$(TARGET_NAME)";
				SWIFT_EMIT_LOC_STRINGS = YES;
				SWIFT_VERSION = 5.0;
				TARGETED_DEVICE_FAMILY = "1,2";
			};
			name = Debug;
		};
		27302F0B2B7ED54300F72E8B /* Release */ = {
			isa = XCBuildConfiguration;
			buildSettings = {
				ASSETCATALOG_COMPILER_APPICON_NAME = AppIcon;
				ASSETCATALOG_COMPILER_GLOBAL_ACCENT_COLOR_NAME = AccentColor;
				ASSETCATALOG_COMPILER_INCLUDE_ALL_APPICON_ASSETS = YES;
				CODE_SIGN_ENTITLEMENTS = Barricade.entitlements;
				CODE_SIGN_STYLE = Automatic;
				CURRENT_PROJECT_VERSION = 1;
				DEVELOPMENT_ASSET_PATHS = "\"Preview Content\"";
				DEVELOPMENT_TEAM = BL59DC94Z6;
				ENABLE_PREVIEWS = YES;
				GENERATE_INFOPLIST_FILE = YES;
				INFOPLIST_FILE = Info.plist;
				INFOPLIST_KEY_CFBundleDisplayName = Barricade;
				INFOPLIST_KEY_LSApplicationCategoryType = "public.app-category.music";
				INFOPLIST_KEY_NSMicrophoneUsageDescription = "Microphone access is needed to identify songs at concerts";
				INFOPLIST_KEY_UIApplicationSceneManifest_Generation = YES;
				INFOPLIST_KEY_UIApplicationSupportsIndirectInputEvents = YES;
				INFOPLIST_KEY_UISupportedInterfaceOrientations_iPad = "UIInterfaceOrientationPortrait UIInterfaceOrientationPortraitUpsideDown UIInterfaceOrientationLandscapeLeft UIInterfaceOrientationLandscapeRight";
				INFOPLIST_KEY_UISupportedInterfaceOrientations_iPhone = "UIInterfaceOrientationPortrait UIInterfaceOrientationLandscapeLeft UIInterfaceOrientationLandscapeRight";
				LD_RUNPATH_SEARCH_PATHS = (
					"$(inherited)",
					"@executable_path/Frameworks",
				);
				MARKETING_VERSION = 1.0;
				PRODUCT_BUNDLE_IDENTIFIER = com.mchl.Barricade;
				PRODUCT_NAME = "$(TARGET_NAME)";
				SWIFT_EMIT_LOC_STRINGS = YES;
				SWIFT_VERSION = 5.0;
				TARGETED_DEVICE_FAMILY = "1,2";
			};
			name = Release;
		};
/* End XCBuildConfiguration section */

/* Begin XCConfigurationList section */
		27302EF42B7ED54200F72E8B /* Build configuration list for PBXProject "Barricade" */ = {
			isa = XCConfigurationList;
			buildConfigurations = (
				27302F072B7ED54300F72E8B /* Debug */,
				27302F082B7ED54300F72E8B /* Release */,
			);
			defaultConfigurationIsVisible = 0;
			defaultConfigurationName = Release;
		};
		27302F092B7ED54300F72E8B /* Build configuration list for PBXNativeTarget "Barricade" */ = {
			isa = XCConfigurationList;
			buildConfigurations = (
				27302F0A2B7ED54300F72E8B /* Debug */,
				27302F0B2B7ED54300F72E8B /* Release */,
			);
			defaultConfigurationIsVisible = 0;
			defaultConfigurationName = Release;
		};
/* End XCConfigurationList section */
	};
	rootObject = 27302EF12B7ED54200F72E8B /* Project object */;
}
